
Microsoft Visual Studio Solution File, Format Version 12.00
# Visual Studio Version 17
VisualStudioVersion = 17.13.35828.75
MinimumVisualStudioVersion = 10.0.40219.1
Project("{FAE04EC0-301F-11D3-BF4B-00C04F79EFBC}") = "BedrijvenDomein", "BedrijvenDomein\BedrijvenDomein.csproj", "{96459E6F-D74D-43C4-B34E-ADA23E5D8200}"
EndProject
Project("{FAE04EC0-301F-11D3-BF4B-00C04F79EFBC}") = "ConsoleAppTestDomein", "ConsoleAppTestDomein\ConsoleAppTestDomein.csproj", "{CA9BCCF8-79ED-4154-9C7E-60F6971CD5B8}"
EndProject
Project("{FAE04EC0-301F-11D3-BF4B-00C04F79EFBC}") = "BedrijvenDatalaag", "BedrijvenDatalaag\BedrijvenDatalaag.csproj", "{B3E57D38-4F59-476A-9D17-635ED340B29E}"
EndProject
Global
	GlobalSection(SolutionConfigurationPlatforms) = preSolution
		Debug|Any CPU = Debug|Any CPU
		Release|Any CPU = Release|Any CPU
	EndGlobalSection
	GlobalSection(ProjectConfigurationPlatforms) = postSolution
		{96459E6F-D74D-43C4-B34E-ADA23E5D8200}.Debug|Any CPU.ActiveCfg = Debug|Any CPU
		{96459E6F-D74D-43C4-B34E-ADA23E5D8200}.Debug|Any CPU.Build.0 = Debug|Any CPU
		{96459E6F-D74D-43C4-B34E-ADA23E5D8200}.Release|Any CPU.ActiveCfg = Release|Any CPU
		{96459E6F-D74D-43C4-B34E-ADA23E5D8200}.Release|Any CPU.Build.0 = Release|Any CPU
		{CA9BCCF8-79ED-4154-9C7E-60F6971CD5B8}.Debug|Any CPU.ActiveCfg = Debug|Any CPU
		{CA9BCCF8-79ED-4154-9C7E-60F6971CD5B8}.Debug|Any CPU.Build.0 = Debug|Any CPU
		{CA9BCCF8-79ED-4154-9C7E-60F6971CD5B8}.Release|Any CPU.ActiveCfg = Release|Any CPU
		{CA9BCCF8-79ED-4154-9C7E-60F6971CD5B8}.Release|Any CPU.Build.0 = Release|Any CPU
		{B3E57D38-4F59-476A-9D17-635ED340B29E}.Debug|Any CPU.ActiveCfg = Debug|Any CPU
		{B3E57D38-4F59-476A-9D17-635ED340B29E}.Debug|Any CPU.Build.0 = Debug|Any CPU
		{B3E57D38-4F59-476A-9D17-635ED340B29E}.Release|Any CPU.ActiveCfg = Release|Any CPU
		{B3E57D38-4F59-476A-9D17-635ED340B29E}.Release|Any CPU.Build.0 = Release|Any CPU
	EndGlobalSection
	GlobalSection(SolutionProperties) = preSolution
		HideSolutionNode = FALSE
	EndGlobalSection
	GlobalSection(ExtensibilityGlobals) = postSolution
		SolutionGuid = {67C684CF-C883-421A-ADF1-6D9DB4234983}
	EndGlobalSection
EndGlobal
