
Microsoft Visual Studio Solution File, Format Version 12.00
# Visual Studio Version 17
VisualStudioVersion = 17.14.36511.14 d17.14
MinimumVisualStudioVersion = 10.0.40219.1
Project("{FAE04EC0-301F-11D3-BF4B-00C04F79EFBC}") = "ProvinciesUI", "UI\ProvinciesUI.csproj", "{D418EC0B-C85C-4744-A3CE-DE335B2EAF29}"
EndProject
Project("{FAE04EC0-301F-11D3-BF4B-00C04F79EFBC}") = "BL", "BL\BL.csproj", "{691A4F62-AC6E-4308-B7C9-02BAD76ECF5F}"
EndProject
Project("{FAE04EC0-301F-11D3-BF4B-00C04F79EFBC}") = "ProvinciesDL_File", "DL_File\ProvinciesDL_File.csproj", "{DFBC53B5-B135-42E6-BCCD-D0653E4AC241}"
EndProject
Project("{FAE04EC0-301F-11D3-BF4B-00C04F79EFBC}") = "ProvinciesDL_SQL", "DL_SQL\ProvinciesDL_SQL.csproj", "{B9D14539-9366-46B1-9A45-A6BC0B88A516}"
EndProject
Project("{FAE04EC0-301F-11D3-BF4B-00C04F79EFBC}") = "ProvinciesUtil", "ProvinciesUtil\ProvinciesUtil.csproj", "{421EDB36-9F75-4B4D-A20A-1F4178DA3B97}"
EndProject
Global
	GlobalSection(SolutionConfigurationPlatforms) = preSolution
		Debug|Any CPU = Debug|Any CPU
		Release|Any CPU = Release|Any CPU
	EndGlobalSection
	GlobalSection(ProjectConfigurationPlatforms) = postSolution
		{D418EC0B-C85C-4744-A3CE-DE335B2EAF29}.Debug|Any CPU.ActiveCfg = Debug|Any CPU
		{D418EC0B-C85C-4744-A3CE-DE335B2EAF29}.Debug|Any CPU.Build.0 = Debug|Any CPU
		{D418EC0B-C85C-4744-A3CE-DE335B2EAF29}.Release|Any CPU.ActiveCfg = Release|Any CPU
		{D418EC0B-C85C-4744-A3CE-DE335B2EAF29}.Release|Any CPU.Build.0 = Release|Any CPU
		{691A4F62-AC6E-4308-B7C9-02BAD76ECF5F}.Debug|Any CPU.ActiveCfg = Debug|Any CPU
		{691A4F62-AC6E-4308-B7C9-02BAD76ECF5F}.Debug|Any CPU.Build.0 = Debug|Any CPU
		{691A4F62-AC6E-4308-B7C9-02BAD76ECF5F}.Release|Any CPU.ActiveCfg = Release|Any CPU
		{691A4F62-AC6E-4308-B7C9-02BAD76ECF5F}.Release|Any CPU.Build.0 = Release|Any CPU
		{DFBC53B5-B135-42E6-BCCD-D0653E4AC241}.Debug|Any CPU.ActiveCfg = Debug|Any CPU
		{DFBC53B5-B135-42E6-BCCD-D0653E4AC241}.Debug|Any CPU.Build.0 = Debug|Any CPU
		{DFBC53B5-B135-42E6-BCCD-D0653E4AC241}.Release|Any CPU.ActiveCfg = Release|Any CPU
		{DFBC53B5-B135-42E6-BCCD-D0653E4AC241}.Release|Any CPU.Build.0 = Release|Any CPU
		{B9D14539-9366-46B1-9A45-A6BC0B88A516}.Debug|Any CPU.ActiveCfg = Debug|Any CPU
		{B9D14539-9366-46B1-9A45-A6BC0B88A516}.Debug|Any CPU.Build.0 = Debug|Any CPU
		{B9D14539-9366-46B1-9A45-A6BC0B88A516}.Release|Any CPU.ActiveCfg = Release|Any CPU
		{B9D14539-9366-46B1-9A45-A6BC0B88A516}.Release|Any CPU.Build.0 = Release|Any CPU
		{421EDB36-9F75-4B4D-A20A-1F4178DA3B97}.Debug|Any CPU.ActiveCfg = Debug|Any CPU
		{421EDB36-9F75-4B4D-A20A-1F4178DA3B97}.Debug|Any CPU.Build.0 = Debug|Any CPU
		{421EDB36-9F75-4B4D-A20A-1F4178DA3B97}.Release|Any CPU.ActiveCfg = Release|Any CPU
		{421EDB36-9F75-4B4D-A20A-1F4178DA3B97}.Release|Any CPU.Build.0 = Release|Any CPU
	EndGlobalSection
	GlobalSection(SolutionProperties) = preSolution
		HideSolutionNode = FALSE
	EndGlobalSection
	GlobalSection(ExtensibilityGlobals) = postSolution
		SolutionGuid = {AE5F451E-C1CE-4F98-949C-52D569730621}
	EndGlobalSection
EndGlobal
