
Microsoft Visual Studio Solution File, Format Version 12.00
# Visual Studio Version 16
VisualStudioVersion = 16.0.31624.102
MinimumVisualStudioVersion = 10.0.40219.1
Project("{FAE04EC0-301F-11D3-BF4B-00C04F79EFBC}") = "ADO_NET_Theorie", "ADO_NET_Theorie\ADO_NET_Theorie.csproj", "{F707ED82-B812-4BFE-B60F-07BD1F68C677}"
EndProject
Global
	GlobalSection(SolutionConfigurationPlatforms) = preSolution
		Debug|Any CPU = Debug|Any CPU
		Release|Any CPU = Release|Any CPU
	EndGlobalSection
	GlobalSection(ProjectConfigurationPlatforms) = postSolution
		{F707ED82-B812-4BFE-B60F-07BD1F68C677}.Debug|Any CPU.ActiveCfg = Debug|Any CPU
		{F707ED82-B812-4BFE-B60F-07BD1F68C677}.Debug|Any CPU.Build.0 = Debug|Any CPU
		{F707ED82-B812-4BFE-B60F-07BD1F68C677}.Release|Any CPU.ActiveCfg = Release|Any CPU
		{F707ED82-B812-4BFE-B60F-07BD1F68C677}.Release|Any CPU.Build.0 = Release|Any CPU
	EndGlobalSection
	GlobalSection(SolutionProperties) = preSolution
		HideSolutionNode = FALSE
	EndGlobalSection
	GlobalSection(ExtensibilityGlobals) = postSolution
		SolutionGuid = {8FB1B534-E6C5-4185-AE87-EB08DB78976F}
	EndGlobalSection
EndGlobal
