
Microsoft Visual Studio Solution File, Format Version 12.00
# Visual Studio Version 17
VisualStudioVersion = 17.13.35828.75
MinimumVisualStudioVersion = 10.0.40219.1
Project("{FAE04EC0-301F-11D3-BF4B-00C04F79EFBC}") = "Logent", "ConsoleApp1\Logent.csproj", "{2BF7B3C7-A377-42A3-88D6-1ECD11FF5D4E}"
EndProject
Global
	GlobalSection(SolutionConfigurationPlatforms) = preSolution
		Debug|Any CPU = Debug|Any CPU
		Release|Any CPU = Release|Any CPU
	EndGlobalSection
	GlobalSection(ProjectConfigurationPlatforms) = postSolution
		{2BF7B3C7-A377-42A3-88D6-1ECD11FF5D4E}.Debug|Any CPU.ActiveCfg = Debug|Any CPU
		{2BF7B3C7-A377-42A3-88D6-1ECD11FF5D4E}.Debug|Any CPU.Build.0 = Debug|Any CPU
		{2BF7B3C7-A377-42A3-88D6-1ECD11FF5D4E}.Release|Any CPU.ActiveCfg = Release|Any CPU
		{2BF7B3C7-A377-42A3-88D6-1ECD11FF5D4E}.Release|Any CPU.Build.0 = Release|Any CPU
	EndGlobalSection
	GlobalSection(SolutionProperties) = preSolution
		HideSolutionNode = FALSE
	EndGlobalSection
	GlobalSection(ExtensibilityGlobals) = postSolution
		SolutionGuid = {E943914F-E16D-4FD8-872D-495FC1938562}
	EndGlobalSection
EndGlobal
