
Microsoft Visual Studio Solution File, Format Version 12.00
# Visual Studio Version 17
VisualStudioVersion = 17.14.36221.1 d17.14
MinimumVisualStudioVersion = 10.0.40219.1
Project("{FAE04EC0-301F-11D3-BF4B-00C04F79EFBC}") = "VakantieparkBL", "VakantieparkBL\VakantieparkBL.csproj", "{C7BAD366-6EF1-4642-AAE3-28D69F69A98C}"
EndProject
Project("{FAE04EC0-301F-11D3-BF4B-00C04F79EFBC}") = "VakantieparkDL", "VakantieparkDL\VakantieparkDL.csproj", "{D03EA5F4-9181-46F0-B0AC-EE5DEF7B9CCC}"
EndProject
Project("{FAE04EC0-301F-11D3-BF4B-00C04F79EFBC}") = "VakantieparkUI", "VakantieparkUI\VakantieparkUI.csproj", "{B62CD94E-BC98-4FC1-A109-03EE376482F3}"
EndProject
Global
	GlobalSection(SolutionConfigurationPlatforms) = preSolution
		Debug|Any CPU = Debug|Any CPU
		Release|Any CPU = Release|Any CPU
	EndGlobalSection
	GlobalSection(ProjectConfigurationPlatforms) = postSolution
		{C7BAD366-6EF1-4642-AAE3-28D69F69A98C}.Debug|Any CPU.ActiveCfg = Debug|Any CPU
		{C7BAD366-6EF1-4642-AAE3-28D69F69A98C}.Debug|Any CPU.Build.0 = Debug|Any CPU
		{C7BAD366-6EF1-4642-AAE3-28D69F69A98C}.Release|Any CPU.ActiveCfg = Release|Any CPU
		{C7BAD366-6EF1-4642-AAE3-28D69F69A98C}.Release|Any CPU.Build.0 = Release|Any CPU
		{D03EA5F4-9181-46F0-B0AC-EE5DEF7B9CCC}.Debug|Any CPU.ActiveCfg = Debug|Any CPU
		{D03EA5F4-9181-46F0-B0AC-EE5DEF7B9CCC}.Debug|Any CPU.Build.0 = Debug|Any CPU
		{D03EA5F4-9181-46F0-B0AC-EE5DEF7B9CCC}.Release|Any CPU.ActiveCfg = Release|Any CPU
		{D03EA5F4-9181-46F0-B0AC-EE5DEF7B9CCC}.Release|Any CPU.Build.0 = Release|Any CPU
		{B62CD94E-BC98-4FC1-A109-03EE376482F3}.Debug|Any CPU.ActiveCfg = Debug|Any CPU
		{B62CD94E-BC98-4FC1-A109-03EE376482F3}.Debug|Any CPU.Build.0 = Debug|Any CPU
		{B62CD94E-BC98-4FC1-A109-03EE376482F3}.Release|Any CPU.ActiveCfg = Release|Any CPU
		{B62CD94E-BC98-4FC1-A109-03EE376482F3}.Release|Any CPU.Build.0 = Release|Any CPU
	EndGlobalSection
	GlobalSection(SolutionProperties) = preSolution
		HideSolutionNode = FALSE
	EndGlobalSection
	GlobalSection(ExtensibilityGlobals) = postSolution
		SolutionGuid = {6D56BE34-3203-4184-9C7E-A7C41A008C5F}
	EndGlobalSection
EndGlobal
